
Microsoft Visual Studio Solution File, Format Version 12.00
# Visual Studio 15
Project("{FAE04EC0-301F-11D3-BF4B-00C04F79EFBC}") = "UnityEngine.TestRunner", "UnityEngine.TestRunner.csproj", "{9581B21C-E044-440B-10DD-8923FB068CAF}"
EndProject
Project("{FAE04EC0-301F-11D3-BF4B-00C04F79EFBC}") = "Unity.Mathematics", "Unity.Mathematics.csproj", "{1C57DC42-E79F-AF62-DDA5-A16DDCA40540}"
EndProject
Project("{FAE04EC0-301F-11D3-BF4B-00C04F79EFBC}") = "Unity.2D.Animation.Triangle.Runtime", "Unity.2D.Animation.Triangle.Runtime.csproj", "{8A853E08-FC35-A0D8-0EE3-15683EE85427}"
EndProject
Project("{FAE04EC0-301F-11D3-BF4B-00C04F79EFBC}") = "Unity.Timeline", "Unity.Timeline.csproj", "{6A06FB15-5D49-CD37-FCC5-73F6CCDBE7B6}"
EndProject
Project("{FAE04EC0-301F-11D3-BF4B-00C04F79EFBC}") = "UnityEngine.UI", "UnityEngine.UI.csproj", "{1CBD7CFC-38DD-F74B-AA8B-64DCC40BEA59}"
EndProject
Project("{FAE04EC0-301F-11D3-BF4B-00C04F79EFBC}") = "Assembly-CSharp", "Assembly-CSharp.csproj", "{F1793EFF-E138-A7EC-91D8-F80282CCCA5B}"
EndProject
Project("{FAE04EC0-301F-11D3-BF4B-00C04F79EFBC}") = "Unity.TextMeshPro", "Unity.TextMeshPro.csproj", "{54411EEE-16AB-41A2-02E7-63EBD8AD971C}"
EndProject
Project("{FAE04EC0-301F-11D3-BF4B-00C04F79EFBC}") = "Unity.2D.Animation.Runtime", "Unity.2D.Animation.Runtime.csproj", "{16396F99-2C7C-2F07-24CF-6D340997BD59}"
EndProject
Project("{FAE04EC0-301F-11D3-BF4B-00C04F79EFBC}") = "Unity.2D.IK.Runtime", "Unity.2D.IK.Runtime.csproj", "{A30CCB0E-689B-9CDF-C370-4C74CC3DA0A2}"
EndProject
Project("{FAE04EC0-301F-11D3-BF4B-00C04F79EFBC}") = "Unity.2D.SpriteShape.Runtime", "Unity.2D.SpriteShape.Runtime.csproj", "{E3FAD283-DFF6-0464-F73A-DC03DEDED674}"
EndProject
Project("{FAE04EC0-301F-11D3-BF4B-00C04F79EFBC}") = "Unity.2D.PixelPerfect", "Unity.2D.PixelPerfect.csproj", "{ED9BE296-236F-F42F-81CE-5F5E9FC5AE63}"
EndProject
Project("{FAE04EC0-301F-11D3-BF4B-00C04F79EFBC}") = "Unity.2D.Common.Runtime", "Unity.2D.Common.Runtime.csproj", "{E330BE47-531E-F22E-F28E-AF11EABA230E}"
EndProject
Project("{FAE04EC0-301F-11D3-BF4B-00C04F79EFBC}") = "Unity.InternalAPIEngineBridge.001", "Unity.InternalAPIEngineBridge.001.csproj", "{3DDCF1B1-8465-9B6C-5C0E-8AFFA7907799}"
EndProject
Project("{FAE04EC0-301F-11D3-BF4B-00C04F79EFBC}") = "UnityEditor.TestRunner", "UnityEditor.TestRunner.csproj", "{EA268092-ADC5-C2FC-6047-FBC6E936CC8C}"
EndProject
Project("{FAE04EC0-301F-11D3-BF4B-00C04F79EFBC}") = "UnityEditor.UI", "UnityEditor.UI.csproj", "{5F2DD2D8-AE6E-EF0C-5ED6-8894320A4503}"
EndProject
Project("{FAE04EC0-301F-11D3-BF4B-00C04F79EFBC}") = "Unity.Timeline.Editor", "Unity.Timeline.Editor.csproj", "{2CBA0C53-4540-284C-B1A5-1065463D09B0}"
EndProject
Project("{FAE04EC0-301F-11D3-BF4B-00C04F79EFBC}") = "Unity.VisualStudio.Editor", "Unity.VisualStudio.Editor.csproj", "{9DA139C5-E878-E3C6-125E-B27986C71FE8}"
EndProject
Project("{FAE04EC0-301F-11D3-BF4B-00C04F79EFBC}") = "Unity.2D.Psdimporter.Editor", "Unity.2D.Psdimporter.Editor.csproj", "{7EE0609C-5C62-E44D-C6AF-CFD04B531963}"
EndProject
Project("{FAE04EC0-301F-11D3-BF4B-00C04F79EFBC}") = "Unity.2D.Animation.Editor", "Unity.2D.Animation.Editor.csproj", "{F7BDE5F0-6A56-D7B6-68F6-5E457E67FB03}"
EndProject
Project("{FAE04EC0-301F-11D3-BF4B-00C04F79EFBC}") = "Unity.TextMeshPro.Editor", "Unity.TextMeshPro.Editor.csproj", "{5860B52F-8072-65AB-5CF7-E7996A2C5885}"
EndProject
Project("{FAE04EC0-301F-11D3-BF4B-00C04F79EFBC}") = "Unity.2D.SpriteShape.Editor", "Unity.2D.SpriteShape.Editor.csproj", "{AE13B0C9-28D4-961A-0E45-F33E011ED1D9}"
EndProject
Project("{FAE04EC0-301F-11D3-BF4B-00C04F79EFBC}") = "Unity.CollabProxy.Editor", "Unity.CollabProxy.Editor.csproj", "{886D9BC4-72D7-7CB5-0000-466B1CD1951B}"
EndProject
Project("{FAE04EC0-301F-11D3-BF4B-00C04F79EFBC}") = "PsdPlugin", "PsdPlugin.csproj", "{F3AF00EB-F586-22F2-E1E3-374451C3C596}"
EndProject
Project("{FAE04EC0-301F-11D3-BF4B-00C04F79EFBC}") = "Unity.2D.Path.Editor", "Unity.2D.Path.Editor.csproj", "{AB2B6AD7-72DD-6127-32FE-601290B2D59F}"
EndProject
Project("{FAE04EC0-301F-11D3-BF4B-00C04F79EFBC}") = "Unity.Rider.Editor", "Unity.Rider.Editor.csproj", "{B2D85FF6-148A-66B4-2F3B-9D0C6739E4C8}"
EndProject
Project("{FAE04EC0-301F-11D3-BF4B-00C04F79EFBC}") = "Unity.2D.IK.Editor", "Unity.2D.IK.Editor.csproj", "{C1708BF9-D253-83F4-0417-67107575A4C3}"
EndProject
Project("{FAE04EC0-301F-11D3-BF4B-00C04F79EFBC}") = "Unity.2D.Sprite.Editor", "Unity.2D.Sprite.Editor.csproj", "{0C61BD3D-9019-EDE0-F6B9-A59A12CE153C}"
EndProject
Project("{FAE04EC0-301F-11D3-BF4B-00C04F79EFBC}") = "Unity.2D.Tilemap.Editor", "Unity.2D.Tilemap.Editor.csproj", "{9FC12F27-F27A-259E-4F95-F0BC97DE512A}"
EndProject
Project("{FAE04EC0-301F-11D3-BF4B-00C04F79EFBC}") = "Unity.2D.PixelPerfect.Editor", "Unity.2D.PixelPerfect.Editor.csproj", "{B76925E8-AF02-CE0E-B5F2-264A497FE8DC}"
EndProject
Project("{FAE04EC0-301F-11D3-BF4B-00C04F79EFBC}") = "Unity.VSCode.Editor", "Unity.VSCode.Editor.csproj", "{E839C72C-24FE-A2CB-B434-2CDC426EC031}"
EndProject
Project("{FAE04EC0-301F-11D3-BF4B-00C04F79EFBC}") = "Unity.2D.Common.Editor", "Unity.2D.Common.Editor.csproj", "{A59B3C89-8144-1C50-42B5-5648C2B1CDC0}"
EndProject
Project("{FAE04EC0-301F-11D3-BF4B-00C04F79EFBC}") = "Unity.Mathematics.Editor", "Unity.Mathematics.Editor.csproj", "{EBB6CE87-47D5-07F2-3F30-9FE2CAFB120F}"
EndProject
Project("{FAE04EC0-301F-11D3-BF4B-00C04F79EFBC}") = "Unity.InternalAPIEditorBridge.001", "Unity.InternalAPIEditorBridge.001.csproj", "{04554181-7A5B-35E7-74FC-B334DE16F565}"
EndProject
Project("{FAE04EC0-301F-11D3-BF4B-00C04F79EFBC}") = "UnityEngine.TestRunner", "UnityEngine.TestRunner.Player.csproj", "{8A1E1452-AA07-C3A2-328B-2ABB22F5EC01}"
EndProject
Project("{FAE04EC0-301F-11D3-BF4B-00C04F79EFBC}") = "Unity.Mathematics", "Unity.Mathematics.Player.csproj", "{27C5C2D4-8A0E-3128-BAE3-BA8DF834D012}"
EndProject
Project("{FAE04EC0-301F-11D3-BF4B-00C04F79EFBC}") = "Unity.2D.Animation.Triangle.Runtime", "Unity.2D.Animation.Triangle.Runtime.Player.csproj", "{0CE1C7F9-CE3B-0EA7-BDAA-FB0F865D1F57}"
EndProject
Project("{FAE04EC0-301F-11D3-BF4B-00C04F79EFBC}") = "Unity.Timeline", "Unity.Timeline.Player.csproj", "{8130530E-29DA-4CE1-ED95-8102575F90C0}"
EndProject
Project("{FAE04EC0-301F-11D3-BF4B-00C04F79EFBC}") = "UnityEngine.UI", "UnityEngine.UI.Player.csproj", "{1F90BC3A-AD49-ECCA-01BE-BA7940018975}"
EndProject
Project("{FAE04EC0-301F-11D3-BF4B-00C04F79EFBC}") = "Assembly-CSharp", "Assembly-CSharp.Player.csproj", "{C8D96D67-511E-B817-4210-B14DF40D2F1A}"
EndProject
Project("{FAE04EC0-301F-11D3-BF4B-00C04F79EFBC}") = "Unity.TextMeshPro", "Unity.TextMeshPro.Player.csproj", "{272C00CB-03C4-5E46-B4C3-1090F2F19F66}"
EndProject
Project("{FAE04EC0-301F-11D3-BF4B-00C04F79EFBC}") = "Unity.2D.Animation.Runtime", "Unity.2D.Animation.Runtime.Player.csproj", "{1D07745B-B72A-20DC-CB5F-C72CB105D674}"
EndProject
Project("{FAE04EC0-301F-11D3-BF4B-00C04F79EFBC}") = "Unity.2D.IK.Runtime", "Unity.2D.IK.Runtime.Player.csproj", "{E7258256-B423-27A7-76DE-4302F061630F}"
EndProject
Project("{FAE04EC0-301F-11D3-BF4B-00C04F79EFBC}") = "Unity.2D.SpriteShape.Runtime", "Unity.2D.SpriteShape.Runtime.Player.csproj", "{0D16DC87-579D-9ABA-A9F6-09663B5F430E}"
EndProject
Project("{FAE04EC0-301F-11D3-BF4B-00C04F79EFBC}") = "Unity.2D.PixelPerfect", "Unity.2D.PixelPerfect.Player.csproj", "{0303EC86-1F1F-3917-9988-A90E0A93B7BA}"
EndProject
Project("{FAE04EC0-301F-11D3-BF4B-00C04F79EFBC}") = "Unity.2D.Common.Runtime", "Unity.2D.Common.Runtime.Player.csproj", "{62825129-F2C8-300A-D798-7B4082F6925D}"
EndProject
Project("{FAE04EC0-301F-11D3-BF4B-00C04F79EFBC}") = "Unity.InternalAPIEngineBridge.001", "Unity.InternalAPIEngineBridge.001.Player.csproj", "{273BD9D7-0A54-03F0-CFF1-D18D2B6E699D}"
EndProject
Global
	GlobalSection(SolutionConfigurationPlatforms) = preSolution
		Debug|Any CPU = Debug|Any CPU
		Release|Any CPU = Release|Any CPU
	EndGlobalSection
	GlobalSection(ProjectConfigurationPlatforms) = postSolution
		{9581B21C-E044-440B-10DD-8923FB068CAF}.Debug|Any CPU.ActiveCfg = Debug|Any CPU
		{9581B21C-E044-440B-10DD-8923FB068CAF}.Debug|Any CPU.Build.0 = Debug|Any CPU
		{9581B21C-E044-440B-10DD-8923FB068CAF}.Release|Any CPU.ActiveCfg = Release|Any CPU
		{9581B21C-E044-440B-10DD-8923FB068CAF}.Release|Any CPU.Build.0 = Release|Any CPU
		{1C57DC42-E79F-AF62-DDA5-A16DDCA40540}.Debug|Any CPU.ActiveCfg = Debug|Any CPU
		{1C57DC42-E79F-AF62-DDA5-A16DDCA40540}.Debug|Any CPU.Build.0 = Debug|Any CPU
		{1C57DC42-E79F-AF62-DDA5-A16DDCA40540}.Release|Any CPU.ActiveCfg = Release|Any CPU
		{1C57DC42-E79F-AF62-DDA5-A16DDCA40540}.Release|Any CPU.Build.0 = Release|Any CPU
		{8A853E08-FC35-A0D8-0EE3-15683EE85427}.Debug|Any CPU.ActiveCfg = Debug|Any CPU
		{8A853E08-FC35-A0D8-0EE3-15683EE85427}.Debug|Any CPU.Build.0 = Debug|Any CPU
		{8A853E08-FC35-A0D8-0EE3-15683EE85427}.Release|Any CPU.ActiveCfg = Release|Any CPU
		{8A853E08-FC35-A0D8-0EE3-15683EE85427}.Release|Any CPU.Build.0 = Release|Any CPU
		{6A06FB15-5D49-CD37-FCC5-73F6CCDBE7B6}.Debug|Any CPU.ActiveCfg = Debug|Any CPU
		{6A06FB15-5D49-CD37-FCC5-73F6CCDBE7B6}.Debug|Any CPU.Build.0 = Debug|Any CPU
		{6A06FB15-5D49-CD37-FCC5-73F6CCDBE7B6}.Release|Any CPU.ActiveCfg = Release|Any CPU
		{6A06FB15-5D49-CD37-FCC5-73F6CCDBE7B6}.Release|Any CPU.Build.0 = Release|Any CPU
		{1CBD7CFC-38DD-F74B-AA8B-64DCC40BEA59}.Debug|Any CPU.ActiveCfg = Debug|Any CPU
		{1CBD7CFC-38DD-F74B-AA8B-64DCC40BEA59}.Debug|Any CPU.Build.0 = Debug|Any CPU
		{1CBD7CFC-38DD-F74B-AA8B-64DCC40BEA59}.Release|Any CPU.ActiveCfg = Release|Any CPU
		{1CBD7CFC-38DD-F74B-AA8B-64DCC40BEA59}.Release|Any CPU.Build.0 = Release|Any CPU
		{F1793EFF-E138-A7EC-91D8-F80282CCCA5B}.Debug|Any CPU.ActiveCfg = Debug|Any CPU
		{F1793EFF-E138-A7EC-91D8-F80282CCCA5B}.Debug|Any CPU.Build.0 = Debug|Any CPU
		{F1793EFF-E138-A7EC-91D8-F80282CCCA5B}.Release|Any CPU.ActiveCfg = Release|Any CPU
		{F1793EFF-E138-A7EC-91D8-F80282CCCA5B}.Release|Any CPU.Build.0 = Release|Any CPU
		{54411EEE-16AB-41A2-02E7-63EBD8AD971C}.Debug|Any CPU.ActiveCfg = Debug|Any CPU
		{54411EEE-16AB-41A2-02E7-63EBD8AD971C}.Debug|Any CPU.Build.0 = Debug|Any CPU
		{54411EEE-16AB-41A2-02E7-63EBD8AD971C}.Release|Any CPU.ActiveCfg = Release|Any CPU
		{54411EEE-16AB-41A2-02E7-63EBD8AD971C}.Release|Any CPU.Build.0 = Release|Any CPU
		{16396F99-2C7C-2F07-24CF-6D340997BD59}.Debug|Any CPU.ActiveCfg = Debug|Any CPU
		{16396F99-2C7C-2F07-24CF-6D340997BD59}.Debug|Any CPU.Build.0 = Debug|Any CPU
		{16396F99-2C7C-2F07-24CF-6D340997BD59}.Release|Any CPU.ActiveCfg = Release|Any CPU
		{16396F99-2C7C-2F07-24CF-6D340997BD59}.Release|Any CPU.Build.0 = Release|Any CPU
		{A30CCB0E-689B-9CDF-C370-4C74CC3DA0A2}.Debug|Any CPU.ActiveCfg = Debug|Any CPU
		{A30CCB0E-689B-9CDF-C370-4C74CC3DA0A2}.Debug|Any CPU.Build.0 = Debug|Any CPU
		{A30CCB0E-689B-9CDF-C370-4C74CC3DA0A2}.Release|Any CPU.ActiveCfg = Release|Any CPU
		{A30CCB0E-689B-9CDF-C370-4C74CC3DA0A2}.Release|Any CPU.Build.0 = Release|Any CPU
		{E3FAD283-DFF6-0464-F73A-DC03DEDED674}.Debug|Any CPU.ActiveCfg = Debug|Any CPU
		{E3FAD283-DFF6-0464-F73A-DC03DEDED674}.Debug|Any CPU.Build.0 = Debug|Any CPU
		{E3FAD283-DFF6-0464-F73A-DC03DEDED674}.Release|Any CPU.ActiveCfg = Release|Any CPU
		{E3FAD283-DFF6-0464-F73A-DC03DEDED674}.Release|Any CPU.Build.0 = Release|Any CPU
		{ED9BE296-236F-F42F-81CE-5F5E9FC5AE63}.Debug|Any CPU.ActiveCfg = Debug|Any CPU
		{ED9BE296-236F-F42F-81CE-5F5E9FC5AE63}.Debug|Any CPU.Build.0 = Debug|Any CPU
		{ED9BE296-236F-F42F-81CE-5F5E9FC5AE63}.Release|Any CPU.ActiveCfg = Release|Any CPU
		{ED9BE296-236F-F42F-81CE-5F5E9FC5AE63}.Release|Any CPU.Build.0 = Release|Any CPU
		{E330BE47-531E-F22E-F28E-AF11EABA230E}.Debug|Any CPU.ActiveCfg = Debug|Any CPU
		{E330BE47-531E-F22E-F28E-AF11EABA230E}.Debug|Any CPU.Build.0 = Debug|Any CPU
		{E330BE47-531E-F22E-F28E-AF11EABA230E}.Release|Any CPU.ActiveCfg = Release|Any CPU
		{E330BE47-531E-F22E-F28E-AF11EABA230E}.Release|Any CPU.Build.0 = Release|Any CPU
		{3DDCF1B1-8465-9B6C-5C0E-8AFFA7907799}.Debug|Any CPU.ActiveCfg = Debug|Any CPU
		{3DDCF1B1-8465-9B6C-5C0E-8AFFA7907799}.Debug|Any CPU.Build.0 = Debug|Any CPU
		{3DDCF1B1-8465-9B6C-5C0E-8AFFA7907799}.Release|Any CPU.ActiveCfg = Release|Any CPU
		{3DDCF1B1-8465-9B6C-5C0E-8AFFA7907799}.Release|Any CPU.Build.0 = Release|Any CPU
		{EA268092-ADC5-C2FC-6047-FBC6E936CC8C}.Debug|Any CPU.ActiveCfg = Debug|Any CPU
		{EA268092-ADC5-C2FC-6047-FBC6E936CC8C}.Debug|Any CPU.Build.0 = Debug|Any CPU
		{EA268092-ADC5-C2FC-6047-FBC6E936CC8C}.Release|Any CPU.ActiveCfg = Release|Any CPU
		{EA268092-ADC5-C2FC-6047-FBC6E936CC8C}.Release|Any CPU.Build.0 = Release|Any CPU
		{5F2DD2D8-AE6E-EF0C-5ED6-8894320A4503}.Debug|Any CPU.ActiveCfg = Debug|Any CPU
		{5F2DD2D8-AE6E-EF0C-5ED6-8894320A4503}.Debug|Any CPU.Build.0 = Debug|Any CPU
		{5F2DD2D8-AE6E-EF0C-5ED6-8894320A4503}.Release|Any CPU.ActiveCfg = Release|Any CPU
		{5F2DD2D8-AE6E-EF0C-5ED6-8894320A4503}.Release|Any CPU.Build.0 = Release|Any CPU
		{2CBA0C53-4540-284C-B1A5-1065463D09B0}.Debug|Any CPU.ActiveCfg = Debug|Any CPU
		{2CBA0C53-4540-284C-B1A5-1065463D09B0}.Debug|Any CPU.Build.0 = Debug|Any CPU
		{2CBA0C53-4540-284C-B1A5-1065463D09B0}.Release|Any CPU.ActiveCfg = Release|Any CPU
		{2CBA0C53-4540-284C-B1A5-1065463D09B0}.Release|Any CPU.Build.0 = Release|Any CPU
		{9DA139C5-E878-E3C6-125E-B27986C71FE8}.Debug|Any CPU.ActiveCfg = Debug|Any CPU
		{9DA139C5-E878-E3C6-125E-B27986C71FE8}.Debug|Any CPU.Build.0 = Debug|Any CPU
		{9DA139C5-E878-E3C6-125E-B27986C71FE8}.Release|Any CPU.ActiveCfg = Release|Any CPU
		{9DA139C5-E878-E3C6-125E-B27986C71FE8}.Release|Any CPU.Build.0 = Release|Any CPU
		{7EE0609C-5C62-E44D-C6AF-CFD04B531963}.Debug|Any CPU.ActiveCfg = Debug|Any CPU
		{7EE0609C-5C62-E44D-C6AF-CFD04B531963}.Debug|Any CPU.Build.0 = Debug|Any CPU
		{7EE0609C-5C62-E44D-C6AF-CFD04B531963}.Release|Any CPU.ActiveCfg = Release|Any CPU
		{7EE0609C-5C62-E44D-C6AF-CFD04B531963}.Release|Any CPU.Build.0 = Release|Any CPU
		{F7BDE5F0-6A56-D7B6-68F6-5E457E67FB03}.Debug|Any CPU.ActiveCfg = Debug|Any CPU
		{F7BDE5F0-6A56-D7B6-68F6-5E457E67FB03}.Debug|Any CPU.Build.0 = Debug|Any CPU
		{F7BDE5F0-6A56-D7B6-68F6-5E457E67FB03}.Release|Any CPU.ActiveCfg = Release|Any CPU
		{F7BDE5F0-6A56-D7B6-68F6-5E457E67FB03}.Release|Any CPU.Build.0 = Release|Any CPU
		{5860B52F-8072-65AB-5CF7-E7996A2C5885}.Debug|Any CPU.ActiveCfg = Debug|Any CPU
		{5860B52F-8072-65AB-5CF7-E7996A2C5885}.Debug|Any CPU.Build.0 = Debug|Any CPU
		{5860B52F-8072-65AB-5CF7-E7996A2C5885}.Release|Any CPU.ActiveCfg = Release|Any CPU
		{5860B52F-8072-65AB-5CF7-E7996A2C5885}.Release|Any CPU.Build.0 = Release|Any CPU
		{AE13B0C9-28D4-961A-0E45-F33E011ED1D9}.Debug|Any CPU.ActiveCfg = Debug|Any CPU
		{AE13B0C9-28D4-961A-0E45-F33E011ED1D9}.Debug|Any CPU.Build.0 = Debug|Any CPU
		{AE13B0C9-28D4-961A-0E45-F33E011ED1D9}.Release|Any CPU.ActiveCfg = Release|Any CPU
		{AE13B0C9-28D4-961A-0E45-F33E011ED1D9}.Release|Any CPU.Build.0 = Release|Any CPU
		{886D9BC4-72D7-7CB5-0000-466B1CD1951B}.Debug|Any CPU.ActiveCfg = Debug|Any CPU
		{886D9BC4-72D7-7CB5-0000-466B1CD1951B}.Debug|Any CPU.Build.0 = Debug|Any CPU
		{886D9BC4-72D7-7CB5-0000-466B1CD1951B}.Release|Any CPU.ActiveCfg = Release|Any CPU
		{886D9BC4-72D7-7CB5-0000-466B1CD1951B}.Release|Any CPU.Build.0 = Release|Any CPU
		{F3AF00EB-F586-22F2-E1E3-374451C3C596}.Debug|Any CPU.ActiveCfg = Debug|Any CPU
		{F3AF00EB-F586-22F2-E1E3-374451C3C596}.Debug|Any CPU.Build.0 = Debug|Any CPU
		{F3AF00EB-F586-22F2-E1E3-374451C3C596}.Release|Any CPU.ActiveCfg = Release|Any CPU
		{F3AF00EB-F586-22F2-E1E3-374451C3C596}.Release|Any CPU.Build.0 = Release|Any CPU
		{AB2B6AD7-72DD-6127-32FE-601290B2D59F}.Debug|Any CPU.ActiveCfg = Debug|Any CPU
		{AB2B6AD7-72DD-6127-32FE-601290B2D59F}.Debug|Any CPU.Build.0 = Debug|Any CPU
		{AB2B6AD7-72DD-6127-32FE-601290B2D59F}.Release|Any CPU.ActiveCfg = Release|Any CPU
		{AB2B6AD7-72DD-6127-32FE-601290B2D59F}.Release|Any CPU.Build.0 = Release|Any CPU
		{B2D85FF6-148A-66B4-2F3B-9D0C6739E4C8}.Debug|Any CPU.ActiveCfg = Debug|Any CPU
		{B2D85FF6-148A-66B4-2F3B-9D0C6739E4C8}.Debug|Any CPU.Build.0 = Debug|Any CPU
		{B2D85FF6-148A-66B4-2F3B-9D0C6739E4C8}.Release|Any CPU.ActiveCfg = Release|Any CPU
		{B2D85FF6-148A-66B4-2F3B-9D0C6739E4C8}.Release|Any CPU.Build.0 = Release|Any CPU
		{C1708BF9-D253-83F4-0417-67107575A4C3}.Debug|Any CPU.ActiveCfg = Debug|Any CPU
		{C1708BF9-D253-83F4-0417-67107575A4C3}.Debug|Any CPU.Build.0 = Debug|Any CPU
		{C1708BF9-D253-83F4-0417-67107575A4C3}.Release|Any CPU.ActiveCfg = Release|Any CPU
		{C1708BF9-D253-83F4-0417-67107575A4C3}.Release|Any CPU.Build.0 = Release|Any CPU
		{0C61BD3D-9019-EDE0-F6B9-A59A12CE153C}.Debug|Any CPU.ActiveCfg = Debug|Any CPU
		{0C61BD3D-9019-EDE0-F6B9-A59A12CE153C}.Debug|Any CPU.Build.0 = Debug|Any CPU
		{0C61BD3D-9019-EDE0-F6B9-A59A12CE153C}.Release|Any CPU.ActiveCfg = Release|Any CPU
		{0C61BD3D-9019-EDE0-F6B9-A59A12CE153C}.Release|Any CPU.Build.0 = Release|Any CPU
		{9FC12F27-F27A-259E-4F95-F0BC97DE512A}.Debug|Any CPU.ActiveCfg = Debug|Any CPU
		{9FC12F27-F27A-259E-4F95-F0BC97DE512A}.Debug|Any CPU.Build.0 = Debug|Any CPU
		{9FC12F27-F27A-259E-4F95-F0BC97DE512A}.Release|Any CPU.ActiveCfg = Release|Any CPU
		{9FC12F27-F27A-259E-4F95-F0BC97DE512A}.Release|Any CPU.Build.0 = Release|Any CPU
		{B76925E8-AF02-CE0E-B5F2-264A497FE8DC}.Debug|Any CPU.ActiveCfg = Debug|Any CPU
		{B76925E8-AF02-CE0E-B5F2-264A497FE8DC}.Debug|Any CPU.Build.0 = Debug|Any CPU
		{B76925E8-AF02-CE0E-B5F2-264A497FE8DC}.Release|Any CPU.ActiveCfg = Release|Any CPU
		{B76925E8-AF02-CE0E-B5F2-264A497FE8DC}.Release|Any CPU.Build.0 = Release|Any CPU
		{E839C72C-24FE-A2CB-B434-2CDC426EC031}.Debug|Any CPU.ActiveCfg = Debug|Any CPU
		{E839C72C-24FE-A2CB-B434-2CDC426EC031}.Debug|Any CPU.Build.0 = Debug|Any CPU
		{E839C72C-24FE-A2CB-B434-2CDC426EC031}.Release|Any CPU.ActiveCfg = Release|Any CPU
		{E839C72C-24FE-A2CB-B434-2CDC426EC031}.Release|Any CPU.Build.0 = Release|Any CPU
		{A59B3C89-8144-1C50-42B5-5648C2B1CDC0}.Debug|Any CPU.ActiveCfg = Debug|Any CPU
		{A59B3C89-8144-1C50-42B5-5648C2B1CDC0}.Debug|Any CPU.Build.0 = Debug|Any CPU
		{A59B3C89-8144-1C50-42B5-5648C2B1CDC0}.Release|Any CPU.ActiveCfg = Release|Any CPU
		{A59B3C89-8144-1C50-42B5-5648C2B1CDC0}.Release|Any CPU.Build.0 = Release|Any CPU
		{EBB6CE87-47D5-07F2-3F30-9FE2CAFB120F}.Debug|Any CPU.ActiveCfg = Debug|Any CPU
		{EBB6CE87-47D5-07F2-3F30-9FE2CAFB120F}.Debug|Any CPU.Build.0 = Debug|Any CPU
		{EBB6CE87-47D5-07F2-3F30-9FE2CAFB120F}.Release|Any CPU.ActiveCfg = Release|Any CPU
		{EBB6CE87-47D5-07F2-3F30-9FE2CAFB120F}.Release|Any CPU.Build.0 = Release|Any CPU
		{04554181-7A5B-35E7-74FC-B334DE16F565}.Debug|Any CPU.ActiveCfg = Debug|Any CPU
		{04554181-7A5B-35E7-74FC-B334DE16F565}.Debug|Any CPU.Build.0 = Debug|Any CPU
		{04554181-7A5B-35E7-74FC-B334DE16F565}.Release|Any CPU.ActiveCfg = Release|Any CPU
		{04554181-7A5B-35E7-74FC-B334DE16F565}.Release|Any CPU.Build.0 = Release|Any CPU
		{8A1E1452-AA07-C3A2-328B-2ABB22F5EC01}.Debug|Any CPU.ActiveCfg = Debug|Any CPU
		{8A1E1452-AA07-C3A2-328B-2ABB22F5EC01}.Debug|Any CPU.Build.0 = Debug|Any CPU
		{8A1E1452-AA07-C3A2-328B-2ABB22F5EC01}.Release|Any CPU.ActiveCfg = Release|Any CPU
		{8A1E1452-AA07-C3A2-328B-2ABB22F5EC01}.Release|Any CPU.Build.0 = Release|Any CPU
		{27C5C2D4-8A0E-3128-BAE3-BA8DF834D012}.Debug|Any CPU.ActiveCfg = Debug|Any CPU
		{27C5C2D4-8A0E-3128-BAE3-BA8DF834D012}.Debug|Any CPU.Build.0 = Debug|Any CPU
		{27C5C2D4-8A0E-3128-BAE3-BA8DF834D012}.Release|Any CPU.ActiveCfg = Release|Any CPU
		{27C5C2D4-8A0E-3128-BAE3-BA8DF834D012}.Release|Any CPU.Build.0 = Release|Any CPU
		{0CE1C7F9-CE3B-0EA7-BDAA-FB0F865D1F57}.Debug|Any CPU.ActiveCfg = Debug|Any CPU
		{0CE1C7F9-CE3B-0EA7-BDAA-FB0F865D1F57}.Debug|Any CPU.Build.0 = Debug|Any CPU
		{0CE1C7F9-CE3B-0EA7-BDAA-FB0F865D1F57}.Release|Any CPU.ActiveCfg = Release|Any CPU
		{0CE1C7F9-CE3B-0EA7-BDAA-FB0F865D1F57}.Release|Any CPU.Build.0 = Release|Any CPU
		{8130530E-29DA-4CE1-ED95-8102575F90C0}.Debug|Any CPU.ActiveCfg = Debug|Any CPU
		{8130530E-29DA-4CE1-ED95-8102575F90C0}.Debug|Any CPU.Build.0 = Debug|Any CPU
		{8130530E-29DA-4CE1-ED95-8102575F90C0}.Release|Any CPU.ActiveCfg = Release|Any CPU
		{8130530E-29DA-4CE1-ED95-8102575F90C0}.Release|Any CPU.Build.0 = Release|Any CPU
		{1F90BC3A-AD49-ECCA-01BE-BA7940018975}.Debug|Any CPU.ActiveCfg = Debug|Any CPU
		{1F90BC3A-AD49-ECCA-01BE-BA7940018975}.Debug|Any CPU.Build.0 = Debug|Any CPU
		{1F90BC3A-AD49-ECCA-01BE-BA7940018975}.Release|Any CPU.ActiveCfg = Release|Any CPU
		{1F90BC3A-AD49-ECCA-01BE-BA7940018975}.Release|Any CPU.Build.0 = Release|Any CPU
		{C8D96D67-511E-B817-4210-B14DF40D2F1A}.Debug|Any CPU.ActiveCfg = Debug|Any CPU
		{C8D96D67-511E-B817-4210-B14DF40D2F1A}.Debug|Any CPU.Build.0 = Debug|Any CPU
		{C8D96D67-511E-B817-4210-B14DF40D2F1A}.Release|Any CPU.ActiveCfg = Release|Any CPU
		{C8D96D67-511E-B817-4210-B14DF40D2F1A}.Release|Any CPU.Build.0 = Release|Any CPU
		{272C00CB-03C4-5E46-B4C3-1090F2F19F66}.Debug|Any CPU.ActiveCfg = Debug|Any CPU
		{272C00CB-03C4-5E46-B4C3-1090F2F19F66}.Debug|Any CPU.Build.0 = Debug|Any CPU
		{272C00CB-03C4-5E46-B4C3-1090F2F19F66}.Release|Any CPU.ActiveCfg = Release|Any CPU
		{272C00CB-03C4-5E46-B4C3-1090F2F19F66}.Release|Any CPU.Build.0 = Release|Any CPU
		{1D07745B-B72A-20DC-CB5F-C72CB105D674}.Debug|Any CPU.ActiveCfg = Debug|Any CPU
		{1D07745B-B72A-20DC-CB5F-C72CB105D674}.Debug|Any CPU.Build.0 = Debug|Any CPU
		{1D07745B-B72A-20DC-CB5F-C72CB105D674}.Release|Any CPU.ActiveCfg = Release|Any CPU
		{1D07745B-B72A-20DC-CB5F-C72CB105D674}.Release|Any CPU.Build.0 = Release|Any CPU
		{E7258256-B423-27A7-76DE-4302F061630F}.Debug|Any CPU.ActiveCfg = Debug|Any CPU
		{E7258256-B423-27A7-76DE-4302F061630F}.Debug|Any CPU.Build.0 = Debug|Any CPU
		{E7258256-B423-27A7-76DE-4302F061630F}.Release|Any CPU.ActiveCfg = Release|Any CPU
		{E7258256-B423-27A7-76DE-4302F061630F}.Release|Any CPU.Build.0 = Release|Any CPU
		{0D16DC87-579D-9ABA-A9F6-09663B5F430E}.Debug|Any CPU.ActiveCfg = Debug|Any CPU
		{0D16DC87-579D-9ABA-A9F6-09663B5F430E}.Debug|Any CPU.Build.0 = Debug|Any CPU
		{0D16DC87-579D-9ABA-A9F6-09663B5F430E}.Release|Any CPU.ActiveCfg = Release|Any CPU
		{0D16DC87-579D-9ABA-A9F6-09663B5F430E}.Release|Any CPU.Build.0 = Release|Any CPU
		{0303EC86-1F1F-3917-9988-A90E0A93B7BA}.Debug|Any CPU.ActiveCfg = Debug|Any CPU
		{0303EC86-1F1F-3917-9988-A90E0A93B7BA}.Debug|Any CPU.Build.0 = Debug|Any CPU
		{0303EC86-1F1F-3917-9988-A90E0A93B7BA}.Release|Any CPU.ActiveCfg = Release|Any CPU
		{0303EC86-1F1F-3917-9988-A90E0A93B7BA}.Release|Any CPU.Build.0 = Release|Any CPU
		{62825129-F2C8-300A-D798-7B4082F6925D}.Debug|Any CPU.ActiveCfg = Debug|Any CPU
		{62825129-F2C8-300A-D798-7B4082F6925D}.Debug|Any CPU.Build.0 = Debug|Any CPU
		{62825129-F2C8-300A-D798-7B4082F6925D}.Release|Any CPU.ActiveCfg = Release|Any CPU
		{62825129-F2C8-300A-D798-7B4082F6925D}.Release|Any CPU.Build.0 = Release|Any CPU
		{273BD9D7-0A54-03F0-CFF1-D18D2B6E699D}.Debug|Any CPU.ActiveCfg = Debug|Any CPU
		{273BD9D7-0A54-03F0-CFF1-D18D2B6E699D}.Debug|Any CPU.Build.0 = Debug|Any CPU
		{273BD9D7-0A54-03F0-CFF1-D18D2B6E699D}.Release|Any CPU.ActiveCfg = Release|Any CPU
		{273BD9D7-0A54-03F0-CFF1-D18D2B6E699D}.Release|Any CPU.Build.0 = Release|Any CPU
	EndGlobalSection
	GlobalSection(SolutionProperties) = preSolution
		HideSolutionNode = FALSE
	EndGlobalSection
EndGlobal
